PODS:
  - ALLKit (1.0):
    - ALLKit/ListKit (= 1.0)
    - ALLKit/StringBuilder (= 1.0)
  - ALLKit/Diff (1.0)
  - ALLKit/FlexBox (1.0):
    - Yoga (= 1.14)
  - ALLKit/Layout (1.0):
    - ALLKit/FlexBox
  - ALLKit/ListKit (1.0):
    - ALLKit/Diff
    - ALLKit/Layout
    - ALLKit/Support
  - ALLKit/StringBuilder (1.0)
  - ALLKit/Support (1.0):
    - ALLKit/Layout
  - Nuke (8.2.0)
  - PinIt (1.0)
  - Yoga (1.14.0)

DEPENDENCIES:
  - ALLKit (from `./`)
  - Nuke
  - PinIt

SPEC REPOS:
  trunk:
    - Nuke
    - PinIt
    - Yoga

EXTERNAL SOURCES:
  ALLKit:
    :path: "./"

SPEC CHECKSUMS:
  ALLKit: 1f998b29cfac8bb89b3faca6012103b49c6e8323
  Nuke: 0134d56b7c9dd3e69e9bce8bdcb37c2e0d55469f
  PinIt: 4590ce0526181463ff7b93eb2ff2fe66fc230999
  Yoga: cff67a400f6b74dc38eb0bad4f156673d9aa980c

PODFILE CHECKSUM: 7a6ec6cff2fa30aa678ab47fa93fcf5cce3c48a4

COCOAPODS: 1.8.0
